
Microsoft Visual Studio Solution File, Format Version 12.00
# Visual Studio Version 17
VisualStudioVersion = 17.10.35027.167
MinimumVisualStudioVersion = 10.0.40219.1
Project("{9A19103F-16F7-4668-BE54-9A1E7A4F7556}") = "MartianRobots", "MartianRobots.csproj", "{4EA3427E-3483-41CE-845F-A2482EA7CB09}"
EndProject
Project("{FAE04EC0-301F-11D3-BF4B-00C04F79EFBC}") = "MartianRobots.Tests", "..\MartianRobots.Tests\MartianRobots.Tests.csproj", "{B8F561FF-EDC6-46C5-B255-465588A158C6}"
EndProject
Global
	GlobalSection(SolutionConfigurationPlatforms) = preSolution
		Debug|Any CPU = Debug|Any CPU
		Release|Any CPU = Release|Any CPU
	EndGlobalSection
	GlobalSection(ProjectConfigurationPlatforms) = postSolution
		{4EA3427E-3483-41CE-845F-A2482EA7CB09}.Debug|Any CPU.ActiveCfg = Debug|Any CPU
		{4EA3427E-3483-41CE-845F-A2482EA7CB09}.Debug|Any CPU.Build.0 = Debug|Any CPU
		{4EA3427E-3483-41CE-845F-A2482EA7CB09}.Release|Any CPU.ActiveCfg = Release|Any CPU
		{4EA3427E-3483-41CE-845F-A2482EA7CB09}.Release|Any CPU.Build.0 = Release|Any CPU
		{B8F561FF-EDC6-46C5-B255-465588A158C6}.Debug|Any CPU.ActiveCfg = Debug|Any CPU
		{B8F561FF-EDC6-46C5-B255-465588A158C6}.Debug|Any CPU.Build.0 = Debug|Any CPU
		{B8F561FF-EDC6-46C5-B255-465588A158C6}.Release|Any CPU.ActiveCfg = Release|Any CPU
		{B8F561FF-EDC6-46C5-B255-465588A158C6}.Release|Any CPU.Build.0 = Release|Any CPU
	EndGlobalSection
	GlobalSection(SolutionProperties) = preSolution
		HideSolutionNode = FALSE
	EndGlobalSection
	GlobalSection(ExtensibilityGlobals) = postSolution
		SolutionGuid = {2F6B788A-F5CF-4A38-8D53-B7A065E6756D}
	EndGlobalSection
EndGlobal
